// !$*UTF8*$!
{
	archiveVersion = 1;
	classes = {
	};
	objectVersion = 60;
	objects = {

/* Begin PBXBuildFile section */
		111111111111111111111111 /* Apps/CutoutApp/CutoutApp.swift in Sources */ = {isa = PBXBuildFile; fileRef = 111111111111111111111121 /* Apps/CutoutApp/CutoutApp.swift */; };
		111111111111111111111112 /* Apps/CutoutApp/ContentView.swift in Sources */ = {isa = PBXBuildFile; fileRef = 111111111111111111111122 /* Apps/CutoutApp/ContentView.swift */; };
		111111111111111111111113 /* Apps/CutoutApp/CutoutAppModel.swift in Sources */ = {isa = PBXBuildFile; fileRef = 111111111111111111111123 /* Apps/CutoutApp/CutoutAppModel.swift */; };
		111111111111111111111114 /* Apps/CutoutApp/Assets.xcassets in Resources */ = {isa = PBXBuildFile; fileRef = 111111111111111111111125 /* Apps/CutoutApp/Assets.xcassets */; };
		111111111111111111111129 /* Apps/CutoutApp/CutoutAppRoute.swift in Sources */ = {isa = PBXBuildFile; fileRef = 111111111111111111111128 /* Apps/CutoutApp/CutoutAppRoute.swift */; };
		222222222222222222222111 /* Apps/CutoutLiveActivityExtension/CutoutLiveActivityExtension.swift in Sources */ = {isa = PBXBuildFile; fileRef = 222222222222222222222121 /* Apps/CutoutLiveActivityExtension/CutoutLiveActivityExtension.swift */; };
		222222222222222222222112 /* CutoutMobile in Frameworks */ = {isa = PBXBuildFile; productRef = 222222222222222222222181 /* CutoutMobile */; };
		222222222222222222222113 /* CutoutLiveActivityExtension.appex in Embed App Extensions */ = {isa = PBXBuildFile; fileRef = 222222222222222222222124 /* CutoutLiveActivityExtension.appex */; settings = {ATTRIBUTES = (RemoveHeadersOnCopy, ); }; };
		222222222222222222222114 /* Apps/CutoutLiveActivityExtension/Assets.xcassets in Resources */ = {isa = PBXBuildFile; fileRef = 222222222222222222222127 /* Apps/CutoutLiveActivityExtension/Assets.xcassets */; };
		222222222222222222222115 /* Apps/CutoutLiveActivityExtension/RideActivityComponents.swift in Sources */ = {isa = PBXBuildFile; fileRef = 222222222222222222222122 /* Apps/CutoutLiveActivityExtension/RideActivityComponents.swift */; };
		25D83AF12FF58F16005E4B18 /* CutoutMobile in Frameworks */ = {isa = PBXBuildFile; productRef = 111111111111111111111181 /* CutoutMobile */; };
		300000000000000000000001 /* Apps/CutoutApp/AppDisplayFormatters.swift in Sources */ = {isa = PBXBuildFile; fileRef = 400000000000000000000001 /* Apps/CutoutApp/AppDisplayFormatters.swift */; };
		300000000000000000000002 /* Apps/CutoutApp/BmsCellMapLayouts.swift in Sources */ = {isa = PBXBuildFile; fileRef = 400000000000000000000002 /* Apps/CutoutApp/BmsCellMapLayouts.swift */; };
		300000000000000000000003 /* Apps/CutoutApp/BmsScreenViews.swift in Sources */ = {isa = PBXBuildFile; fileRef = 400000000000000000000003 /* Apps/CutoutApp/BmsScreenViews.swift */; };
		300000000000000000000004 /* Apps/CutoutApp/BmsNoDataCards.swift in Sources */ = {isa = PBXBuildFile; fileRef = 400000000000000000000004 /* Apps/CutoutApp/BmsNoDataCards.swift */; };
		300000000000000000000005 /* Apps/CutoutApp/BmsNoDataComponents.swift in Sources */ = {isa = PBXBuildFile; fileRef = 400000000000000000000005 /* Apps/CutoutApp/BmsNoDataComponents.swift */; };
		300000000000000000000006 /* Apps/CutoutApp/BmsNoDataLayout.swift in Sources */ = {isa = PBXBuildFile; fileRef = 400000000000000000000006 /* Apps/CutoutApp/BmsNoDataLayout.swift */; };
		300000000000000000000007 /* Apps/CutoutApp/BmsOverviewLayout.swift in Sources */ = {isa = PBXBuildFile; fileRef = 400000000000000000000007 /* Apps/CutoutApp/BmsOverviewLayout.swift */; };
		300000000000000000000008 /* Apps/CutoutApp/BmsTopologyCells.swift in Sources */ = {isa = PBXBuildFile; fileRef = 400000000000000000000008 /* Apps/CutoutApp/BmsTopologyCells.swift */; };
		300000000000000000000009 /* Apps/CutoutApp/BmsUnknownLayout.swift in Sources */ = {isa = PBXBuildFile; fileRef = 400000000000000000000009 /* Apps/CutoutApp/BmsUnknownLayout.swift */; };
		30000000000000000000000B /* Apps/CutoutApp/CaptureViews.swift in Sources */ = {isa = PBXBuildFile; fileRef = 40000000000000000000000B /* Apps/CutoutApp/CaptureViews.swift */; };
		30000000000000000000000C /* Apps/CutoutApp/DeviceGlyphs.swift in Sources */ = {isa = PBXBuildFile; fileRef = 40000000000000000000000C /* Apps/CutoutApp/DeviceGlyphs.swift */; };
		30000000000000000000000D /* Apps/CutoutApp/DevicePickerControls.swift in Sources */ = {isa = PBXBuildFile; fileRef = 40000000000000000000000D /* Apps/CutoutApp/DevicePickerControls.swift */; };
		30000000000000000000000E /* Apps/CutoutApp/DevicePickerViews.swift in Sources */ = {isa = PBXBuildFile; fileRef = 40000000000000000000000E /* Apps/CutoutApp/DevicePickerViews.swift */; };
		300000000000000000000011 /* Apps/CutoutApp/EucRideViews.swift in Sources */ = {isa = PBXBuildFile; fileRef = 400000000000000000000011 /* Apps/CutoutApp/EucRideViews.swift */; };
		300000000000000000000012 /* Apps/CutoutApp/PevScreenTitleBlock.swift in Sources */ = {isa = PBXBuildFile; fileRef = 400000000000000000000012 /* Apps/CutoutApp/PevScreenTitleBlock.swift */; };
		300000000000000000000013 /* Apps/CutoutApp/PevDashboardScaffoldViews.swift in Sources */ = {isa = PBXBuildFile; fileRef = 400000000000000000000013 /* Apps/CutoutApp/PevDashboardScaffoldViews.swift */; };
		300000000000000000000015 /* Apps/CutoutApp/PevScreenTheme.swift in Sources */ = {isa = PBXBuildFile; fileRef = 400000000000000000000015 /* Apps/CutoutApp/PevScreenTheme.swift */; };
		300000000000000000000016 /* Apps/CutoutApp/VescDebugViews.swift in Sources */ = {isa = PBXBuildFile; fileRef = 400000000000000000000016 /* Apps/CutoutApp/VescDebugViews.swift */; };
		300000000000000000000017 /* Apps/CutoutApp/VescRideViews.swift in Sources */ = {isa = PBXBuildFile; fileRef = 400000000000000000000017 /* Apps/CutoutApp/VescRideViews.swift */; };
		300000000000000000000018 /* Apps/CutoutApp/PevRideHeroSection.swift in Sources */ = {isa = PBXBuildFile; fileRef = 400000000000000000000018 /* Apps/CutoutApp/PevRideHeroSection.swift */; };
		300000000000000000000019 /* Apps/CutoutApp/PevRideDashboardShell.swift in Sources */ = {isa = PBXBuildFile; fileRef = 400000000000000000000019 /* Apps/CutoutApp/PevRideDashboardShell.swift */; };
		30000000000000000000001A /* Apps/CutoutApp/CutoutUITestSessionFixture.swift in Sources */ = {isa = PBXBuildFile; fileRef = 40000000000000000000001A /* Apps/CutoutApp/CutoutUITestSessionFixture.swift */; };
		30000000000000000000001B /* Apps/CutoutApp/CutoutAppState.swift in Sources */ = {isa = PBXBuildFile; fileRef = 40000000000000000000001B /* Apps/CutoutApp/CutoutAppState.swift */; };
		30000000000000000000001C /* Apps/CutoutApp/CutoutRouteViews.swift in Sources */ = {isa = PBXBuildFile; fileRef = 40000000000000000000001C /* Apps/CutoutApp/CutoutRouteViews.swift */; };
		444444444444444444444401 /* UITests/CutoutAppUITests.swift in Sources */ = {isa = PBXBuildFile; fileRef = 444444444444444444444411 /* UITests/CutoutAppUITests.swift */; };
		500000000000000000000101 /* Apps/Localizable.xcstrings in Resources */ = {isa = PBXBuildFile; fileRef = 500000000000000000000201 /* Apps/Localizable.xcstrings */; };
		500000000000000000000102 /* Apps/Localizable.xcstrings in Resources */ = {isa = PBXBuildFile; fileRef = 500000000000000000000201 /* Apps/Localizable.xcstrings */; };
/* End PBXBuildFile section */

/* Begin PBXContainerItemProxy section */
		222222222222222222222192 /* PBXContainerItemProxy */ = {
			isa = PBXContainerItemProxy;
			containerPortal = 111111111111111111111191 /* Project object */;
			proxyType = 1;
			remoteGlobalIDString = 222222222222222222222161;
			remoteInfo = CutoutLiveActivityExtension;
		};
/* End PBXContainerItemProxy section */

/* Begin PBXCopyFilesBuildPhase section */
		222222222222222222222134 /* Embed App Extensions */ = {
			isa = PBXCopyFilesBuildPhase;
			buildActionMask = 2147483647;
			dstPath = "";
			dstSubfolderSpec = 13;
			files = (
				222222222222222222222113 /* CutoutLiveActivityExtension.appex in Embed App Extensions */,
			);
			name = "Embed App Extensions";
			runOnlyForDeploymentPostprocessing = 0;
		};
/* End PBXCopyFilesBuildPhase section */

/* Begin PBXFileReference section */
		111111111111111111111121 /* Apps/CutoutApp/CutoutApp.swift */ = {isa = PBXFileReference; lastKnownFileType = sourcecode.swift; path = Apps/CutoutApp/CutoutApp.swift; sourceTree = SOURCE_ROOT; };
		111111111111111111111122 /* Apps/CutoutApp/ContentView.swift */ = {isa = PBXFileReference; lastKnownFileType = sourcecode.swift; path = Apps/CutoutApp/ContentView.swift; sourceTree = SOURCE_ROOT; };
		111111111111111111111123 /* Apps/CutoutApp/CutoutAppModel.swift */ = {isa = PBXFileReference; lastKnownFileType = sourcecode.swift; path = Apps/CutoutApp/CutoutAppModel.swift; sourceTree = SOURCE_ROOT; };
		111111111111111111111124 /* CutoutApp.app */ = {isa = PBXFileReference; explicitFileType = wrapper.application; includeInIndex = 0; path = CutoutApp.app; sourceTree = BUILT_PRODUCTS_DIR; };
		111111111111111111111125 /* Apps/CutoutApp/Assets.xcassets */ = {isa = PBXFileReference; lastKnownFileType = folder.assetcatalog; path = Apps/CutoutApp/Assets.xcassets; sourceTree = SOURCE_ROOT; };
		111111111111111111111126 /* Apps/CutoutApp/Info.plist */ = {isa = PBXFileReference; lastKnownFileType = text.plist.xml; path = Apps/CutoutApp/Info.plist; sourceTree = SOURCE_ROOT; };
		111111111111111111111128 /* Apps/CutoutApp/CutoutAppRoute.swift */ = {isa = PBXFileReference; lastKnownFileType = sourcecode.swift; path = Apps/CutoutApp/CutoutAppRoute.swift; sourceTree = SOURCE_ROOT; };
		222222222222222222222121 /* Apps/CutoutLiveActivityExtension/CutoutLiveActivityExtension.swift */ = {isa = PBXFileReference; lastKnownFileType = sourcecode.swift; path = Apps/CutoutLiveActivityExtension/CutoutLiveActivityExtension.swift; sourceTree = SOURCE_ROOT; };
		222222222222222222222122 /* Apps/CutoutLiveActivityExtension/RideActivityComponents.swift */ = {isa = PBXFileReference; lastKnownFileType = sourcecode.swift; path = Apps/CutoutLiveActivityExtension/RideActivityComponents.swift; sourceTree = SOURCE_ROOT; };
		222222222222222222222124 /* CutoutLiveActivityExtension.appex */ = {isa = PBXFileReference; explicitFileType = "wrapper.app-extension"; includeInIndex = 0; path = CutoutLiveActivityExtension.appex; sourceTree = BUILT_PRODUCTS_DIR; };
		222222222222222222222126 /* Apps/CutoutLiveActivityExtension/Info.plist */ = {isa = PBXFileReference; lastKnownFileType = text.plist.xml; path = Apps/CutoutLiveActivityExtension/Info.plist; sourceTree = SOURCE_ROOT; };
		222222222222222222222127 /* Apps/CutoutLiveActivityExtension/Assets.xcassets */ = {isa = PBXFileReference; lastKnownFileType = folder.assetcatalog; path = Apps/CutoutLiveActivityExtension/Assets.xcassets; sourceTree = SOURCE_ROOT; };
		400000000000000000000001 /* Apps/CutoutApp/AppDisplayFormatters.swift */ = {isa = PBXFileReference; lastKnownFileType = sourcecode.swift; path = Apps/CutoutApp/AppDisplayFormatters.swift; sourceTree = SOURCE_ROOT; };
		400000000000000000000002 /* Apps/CutoutApp/BmsCellMapLayouts.swift */ = {isa = PBXFileReference; lastKnownFileType = sourcecode.swift; path = Apps/CutoutApp/BmsCellMapLayouts.swift; sourceTree = SOURCE_ROOT; };
		400000000000000000000003 /* Apps/CutoutApp/BmsScreenViews.swift */ = {isa = PBXFileReference; lastKnownFileType = sourcecode.swift; path = Apps/CutoutApp/BmsScreenViews.swift; sourceTree = SOURCE_ROOT; };
		400000000000000000000004 /* Apps/CutoutApp/BmsNoDataCards.swift */ = {isa = PBXFileReference; lastKnownFileType = sourcecode.swift; path = Apps/CutoutApp/BmsNoDataCards.swift; sourceTree = SOURCE_ROOT; };
		400000000000000000000005 /* Apps/CutoutApp/BmsNoDataComponents.swift */ = {isa = PBXFileReference; lastKnownFileType = sourcecode.swift; path = Apps/CutoutApp/BmsNoDataComponents.swift; sourceTree = SOURCE_ROOT; };
		400000000000000000000006 /* Apps/CutoutApp/BmsNoDataLayout.swift */ = {isa = PBXFileReference; lastKnownFileType = sourcecode.swift; path = Apps/CutoutApp/BmsNoDataLayout.swift; sourceTree = SOURCE_ROOT; };
		400000000000000000000007 /* Apps/CutoutApp/BmsOverviewLayout.swift */ = {isa = PBXFileReference; lastKnownFileType = sourcecode.swift; path = Apps/CutoutApp/BmsOverviewLayout.swift; sourceTree = SOURCE_ROOT; };
		400000000000000000000008 /* Apps/CutoutApp/BmsTopologyCells.swift */ = {isa = PBXFileReference; lastKnownFileType = sourcecode.swift; path = Apps/CutoutApp/BmsTopologyCells.swift; sourceTree = SOURCE_ROOT; };
		400000000000000000000009 /* Apps/CutoutApp/BmsUnknownLayout.swift */ = {isa = PBXFileReference; lastKnownFileType = sourcecode.swift; path = Apps/CutoutApp/BmsUnknownLayout.swift; sourceTree = SOURCE_ROOT; };
		40000000000000000000000B /* Apps/CutoutApp/CaptureViews.swift */ = {isa = PBXFileReference; lastKnownFileType = sourcecode.swift; path = Apps/CutoutApp/CaptureViews.swift; sourceTree = SOURCE_ROOT; };
		40000000000000000000000C /* Apps/CutoutApp/DeviceGlyphs.swift */ = {isa = PBXFileReference; lastKnownFileType = sourcecode.swift; path = Apps/CutoutApp/DeviceGlyphs.swift; sourceTree = SOURCE_ROOT; };
		40000000000000000000000D /* Apps/CutoutApp/DevicePickerControls.swift */ = {isa = PBXFileReference; lastKnownFileType = sourcecode.swift; path = Apps/CutoutApp/DevicePickerControls.swift; sourceTree = SOURCE_ROOT; };
		40000000000000000000000E /* Apps/CutoutApp/DevicePickerViews.swift */ = {isa = PBXFileReference; lastKnownFileType = sourcecode.swift; path = Apps/CutoutApp/DevicePickerViews.swift; sourceTree = SOURCE_ROOT; };
		400000000000000000000011 /* Apps/CutoutApp/EucRideViews.swift */ = {isa = PBXFileReference; lastKnownFileType = sourcecode.swift; path = Apps/CutoutApp/EucRideViews.swift; sourceTree = SOURCE_ROOT; };
		400000000000000000000012 /* Apps/CutoutApp/PevScreenTitleBlock.swift */ = {isa = PBXFileReference; lastKnownFileType = sourcecode.swift; path = Apps/CutoutApp/PevScreenTitleBlock.swift; sourceTree = SOURCE_ROOT; };
		400000000000000000000013 /* Apps/CutoutApp/PevDashboardScaffoldViews.swift */ = {isa = PBXFileReference; lastKnownFileType = sourcecode.swift; path = Apps/CutoutApp/PevDashboardScaffoldViews.swift; sourceTree = SOURCE_ROOT; };
		400000000000000000000015 /* Apps/CutoutApp/PevScreenTheme.swift */ = {isa = PBXFileReference; lastKnownFileType = sourcecode.swift; path = Apps/CutoutApp/PevScreenTheme.swift; sourceTree = SOURCE_ROOT; };
		400000000000000000000016 /* Apps/CutoutApp/VescDebugViews.swift */ = {isa = PBXFileReference; lastKnownFileType = sourcecode.swift; path = Apps/CutoutApp/VescDebugViews.swift; sourceTree = SOURCE_ROOT; };
		400000000000000000000017 /* Apps/CutoutApp/VescRideViews.swift */ = {isa = PBXFileReference; lastKnownFileType = sourcecode.swift; path = Apps/CutoutApp/VescRideViews.swift; sourceTree = SOURCE_ROOT; };
		400000000000000000000018 /* Apps/CutoutApp/PevRideHeroSection.swift */ = {isa = PBXFileReference; lastKnownFileType = sourcecode.swift; path = Apps/CutoutApp/PevRideHeroSection.swift; sourceTree = SOURCE_ROOT; };
		400000000000000000000019 /* Apps/CutoutApp/PevRideDashboardShell.swift */ = {isa = PBXFileReference; lastKnownFileType = sourcecode.swift; path = Apps/CutoutApp/PevRideDashboardShell.swift; sourceTree = SOURCE_ROOT; };
		40000000000000000000001A /* Apps/CutoutApp/CutoutUITestSessionFixture.swift */ = {isa = PBXFileReference; lastKnownFileType = sourcecode.swift; path = Apps/CutoutApp/CutoutUITestSessionFixture.swift; sourceTree = SOURCE_ROOT; };
		40000000000000000000001B /* Apps/CutoutApp/CutoutAppState.swift */ = {isa = PBXFileReference; lastKnownFileType = sourcecode.swift; path = Apps/CutoutApp/CutoutAppState.swift; sourceTree = SOURCE_ROOT; };
		40000000000000000000001C /* Apps/CutoutApp/CutoutRouteViews.swift */ = {isa = PBXFileReference; lastKnownFileType = sourcecode.swift; path = Apps/CutoutApp/CutoutRouteViews.swift; sourceTree = SOURCE_ROOT; };
		444444444444444444444411 /* UITests/CutoutAppUITests.swift */ = {isa = PBXFileReference; lastKnownFileType = sourcecode.swift; path = UITests/CutoutAppUITests.swift; sourceTree = SOURCE_ROOT; };
		444444444444444444444412 /* CutoutAppUITests.xctest */ = {isa = PBXFileReference; explicitFileType = wrapper.cfbundle; includeInIndex = 0; path = CutoutAppUITests.xctest; sourceTree = BUILT_PRODUCTS_DIR; };
		500000000000000000000201 /* Apps/CutoutApp/Localizable.xcstrings */ = {isa = PBXFileReference; lastKnownFileType = text.json.xcstrings; path = Apps/CutoutApp/Localizable.xcstrings; sourceTree = SOURCE_ROOT; };
/* End PBXFileReference section */

/* Begin PBXFrameworksBuildPhase section */
		111111111111111111111131 /* Frameworks */ = {
			isa = PBXFrameworksBuildPhase;
			buildActionMask = 2147483647;
			files = (
				25D83AF12FF58F16005E4B18 /* CutoutMobile in Frameworks */,
			);
			runOnlyForDeploymentPostprocessing = 0;
		};
		222222222222222222222131 /* Frameworks */ = {
			isa = PBXFrameworksBuildPhase;
			buildActionMask = 2147483647;
			files = (
				222222222222222222222112 /* CutoutMobile in Frameworks */,
			);
			runOnlyForDeploymentPostprocessing = 0;
		};
		444444444444444444444431 /* Frameworks */ = {
			isa = PBXFrameworksBuildPhase;
			buildActionMask = 2147483647;
			files = (
			);
			runOnlyForDeploymentPostprocessing = 0;
		};
/* End PBXFrameworksBuildPhase section */

/* Begin PBXGroup section */
		111111111111111111111141 = {
			isa = PBXGroup;
			children = (
				111111111111111111111151 /* Sources */,
				222222222222222222222151 /* Live Activity Extension */,
				111111111111111111111154 /* Resources */,
				111111111111111111111152 /* Frameworks */,
				111111111111111111111153 /* Products */,
				444444444444444444444415 /* UITests */,
			);
			sourceTree = "<group>";
		};
		111111111111111111111151 /* Sources */ = {
			isa = PBXGroup;
			children = (
				111111111111111111111121 /* Apps/CutoutApp/CutoutApp.swift */,
				111111111111111111111122 /* Apps/CutoutApp/ContentView.swift */,
				111111111111111111111123 /* Apps/CutoutApp/CutoutAppModel.swift */,
				40000000000000000000001B /* Apps/CutoutApp/CutoutAppState.swift */,
				40000000000000000000001C /* Apps/CutoutApp/CutoutRouteViews.swift */,
				40000000000000000000001A /* Apps/CutoutApp/CutoutUITestSessionFixture.swift */,
				111111111111111111111128 /* Apps/CutoutApp/CutoutAppRoute.swift */,
				400000000000000000000001 /* Apps/CutoutApp/AppDisplayFormatters.swift */,
				400000000000000000000002 /* Apps/CutoutApp/BmsCellMapLayouts.swift */,
				400000000000000000000003 /* Apps/CutoutApp/BmsScreenViews.swift */,
				400000000000000000000004 /* Apps/CutoutApp/BmsNoDataCards.swift */,
				400000000000000000000005 /* Apps/CutoutApp/BmsNoDataComponents.swift */,
				400000000000000000000006 /* Apps/CutoutApp/BmsNoDataLayout.swift */,
				400000000000000000000007 /* Apps/CutoutApp/BmsOverviewLayout.swift */,
				400000000000000000000008 /* Apps/CutoutApp/BmsTopologyCells.swift */,
				400000000000000000000009 /* Apps/CutoutApp/BmsUnknownLayout.swift */,
				40000000000000000000000B /* Apps/CutoutApp/CaptureViews.swift */,
				40000000000000000000000C /* Apps/CutoutApp/DeviceGlyphs.swift */,
				40000000000000000000000D /* Apps/CutoutApp/DevicePickerControls.swift */,
				40000000000000000000000E /* Apps/CutoutApp/DevicePickerViews.swift */,
				400000000000000000000011 /* Apps/CutoutApp/EucRideViews.swift */,
				400000000000000000000012 /* Apps/CutoutApp/PevScreenTitleBlock.swift */,
				400000000000000000000013 /* Apps/CutoutApp/PevDashboardScaffoldViews.swift */,
				400000000000000000000015 /* Apps/CutoutApp/PevScreenTheme.swift */,
				400000000000000000000016 /* Apps/CutoutApp/VescDebugViews.swift */,
				400000000000000000000017 /* Apps/CutoutApp/VescRideViews.swift */,
				400000000000000000000018 /* Apps/CutoutApp/PevRideHeroSection.swift */,
				400000000000000000000019 /* Apps/CutoutApp/PevRideDashboardShell.swift */,
			);
			path = Sources;
			sourceTree = "<group>";
		};
		111111111111111111111152 /* Frameworks */ = {
			isa = PBXGroup;
			children = (
			);
			path = Frameworks;
			sourceTree = "<group>";
		};
		111111111111111111111153 /* Products */ = {
			isa = PBXGroup;
			children = (
				111111111111111111111124 /* CutoutApp.app */,
				222222222222222222222124 /* CutoutLiveActivityExtension.appex */,
			);
			name = Products;
			sourceTree = "<group>";
		};
		111111111111111111111154 /* Resources */ = {
			isa = PBXGroup;
			children = (
				111111111111111111111126 /* Apps/CutoutApp/Info.plist */,
				111111111111111111111125 /* Apps/CutoutApp/Assets.xcassets */,
				500000000000000000000201 /* Apps/Localizable.xcstrings */,
			);
			path = Resources;
			sourceTree = "<group>";
		};
		222222222222222222222151 /* Live Activity Extension */ = {
			isa = PBXGroup;
			children = (
				222222222222222222222121 /* Apps/CutoutLiveActivityExtension/CutoutLiveActivityExtension.swift */,
				222222222222222222222122 /* Apps/CutoutLiveActivityExtension/RideActivityComponents.swift */,
				222222222222222222222126 /* Apps/CutoutLiveActivityExtension/Info.plist */,
				222222222222222222222127 /* Apps/CutoutLiveActivityExtension/Assets.xcassets */,
			);
			path = "Live Activity Extension";
			sourceTree = "<group>";
		};
		444444444444444444444415 /* UITests */ = {
			isa = PBXGroup;
			children = (
				444444444444444444444411 /* UITests/CutoutAppUITests.swift */,
			);
			path = UITests;
			sourceTree = "<group>";
		};
/* End PBXGroup section */

/* Begin PBXNativeTarget section */
		111111111111111111111161 /* CutoutApp */ = {
			isa = PBXNativeTarget;
			buildConfigurationList = 111111111111111111111171 /* Build configuration list for PBXNativeTarget "CutoutApp" */;
			buildPhases = (
				111111111111111111111131 /* Frameworks */,
				111111111111111111111132 /* Sources */,
				111111111111111111111133 /* Resources */,
				222222222222222222222134 /* Embed App Extensions */,
			);
			buildRules = (
			);
			dependencies = (
				222222222222222222222191 /* PBXTargetDependency */,
			);
			name = CutoutApp;
			packageProductDependencies = (
				111111111111111111111181 /* CutoutMobile */,
			);
			productName = CutoutApp;
			productReference = 111111111111111111111124 /* CutoutApp.app */;
			productType = "com.apple.product-type.application";
		};
		222222222222222222222161 /* CutoutLiveActivityExtension */ = {
			isa = PBXNativeTarget;
			buildConfigurationList = 222222222222222222222171 /* Build configuration list for PBXNativeTarget "CutoutLiveActivityExtension" */;
			buildPhases = (
				222222222222222222222132 /* Sources */,
				222222222222222222222131 /* Frameworks */,
				222222222222222222222133 /* Resources */,
			);
			buildRules = (
			);
			dependencies = (
			);
			name = CutoutLiveActivityExtension;
			packageProductDependencies = (
				222222222222222222222181 /* CutoutMobile */,
			);
			productName = CutoutLiveActivityExtension;
			productReference = 222222222222222222222124 /* CutoutLiveActivityExtension.appex */;
			productType = "com.apple.product-type.app-extension";
		};
		444444444444444444444461 /* CutoutAppUITests */ = {
			isa = PBXNativeTarget;
			buildConfigurationList = 444444444444444444444471 /* Build configuration list for PBXNativeTarget "CutoutAppUITests" */;
			buildPhases = (
				444444444444444444444431 /* Frameworks */,
				444444444444444444444432 /* Sources */,
				444444444444444444444433 /* Resources */,
			);
			buildRules = (
			);
			dependencies = (
				444444444444444444444502 /* PBXTargetDependency */,
			);
			name = CutoutAppUITests;
			productName = CutoutAppUITests;
			productReference = 444444444444444444444412 /* CutoutAppUITests.xctest */;
			productType = "com.apple.product-type.bundle.ui-testing";
		};
/* End PBXNativeTarget section */

/* Begin PBXProject section */
		111111111111111111111191 /* Project object */ = {
			isa = PBXProject;
			attributes = {
				LastUpgradeCheck = 2700;
				TargetAttributes = {
					111111111111111111111161 = {
						CreatedOnToolsVersion = 27.0;
					};
					222222222222222222222161 = {
						CreatedOnToolsVersion = 27.0;
					};
					444444444444444444444461 = {
						CreatedOnToolsVersion = 27.0;
						TestTargetID = 111111111111111111111161;
					};
				};
			};
			buildConfigurationList = 111111111111111111111172 /* Build configuration list for PBXProject "CutoutApp" */;
			compatibilityVersion = "Xcode 13.0";
			developmentRegion = en;
			hasScannedForEncodings = 0;
			knownRegions = (
				en,
				Base,
			);
			mainGroup = 111111111111111111111141;
			packageReferences = (
				111111111111111111111180 /* XCLocalSwiftPackageReference "." */,
			);
			productRefGroup = 111111111111111111111153 /* Products */;
			projectDirPath = "";
			projectRoot = "";
			targets = (
				111111111111111111111161 /* CutoutApp */,
				222222222222222222222161 /* CutoutLiveActivityExtension */,
				444444444444444444444461 /* CutoutAppUITests */,
			);
		};
/* End PBXProject section */

/* Begin PBXResourcesBuildPhase section */
		111111111111111111111133 /* Resources */ = {
			isa = PBXResourcesBuildPhase;
			buildActionMask = 2147483647;
			files = (
				111111111111111111111114 /* Apps/CutoutApp/Assets.xcassets in Resources */,
				500000000000000000000101 /* Apps/Localizable.xcstrings in Resources */,
			);
			runOnlyForDeploymentPostprocessing = 0;
		};
		222222222222222222222133 /* Resources */ = {
			isa = PBXResourcesBuildPhase;
			buildActionMask = 2147483647;
			files = (
				222222222222222222222114 /* Apps/CutoutLiveActivityExtension/Assets.xcassets in Resources */,
				500000000000000000000102 /* Apps/Localizable.xcstrings in Resources */,
			);
			runOnlyForDeploymentPostprocessing = 0;
		};
		444444444444444444444433 /* Resources */ = {
			isa = PBXResourcesBuildPhase;
			buildActionMask = 2147483647;
			files = (
			);
			runOnlyForDeploymentPostprocessing = 0;
		};
/* End PBXResourcesBuildPhase section */

/* Begin PBXSourcesBuildPhase section */
		111111111111111111111132 /* Sources */ = {
			isa = PBXSourcesBuildPhase;
			buildActionMask = 2147483647;
			files = (
				111111111111111111111111 /* Apps/CutoutApp/CutoutApp.swift in Sources */,
				111111111111111111111112 /* Apps/CutoutApp/ContentView.swift in Sources */,
				111111111111111111111113 /* Apps/CutoutApp/CutoutAppModel.swift in Sources */,
				30000000000000000000001B /* Apps/CutoutApp/CutoutAppState.swift in Sources */,
				30000000000000000000001C /* Apps/CutoutApp/CutoutRouteViews.swift in Sources */,
				30000000000000000000001A /* Apps/CutoutApp/CutoutUITestSessionFixture.swift in Sources */,
				111111111111111111111129 /* Apps/CutoutApp/CutoutAppRoute.swift in Sources */,
				300000000000000000000001 /* Apps/CutoutApp/AppDisplayFormatters.swift in Sources */,
				300000000000000000000002 /* Apps/CutoutApp/BmsCellMapLayouts.swift in Sources */,
				300000000000000000000003 /* Apps/CutoutApp/BmsScreenViews.swift in Sources */,
				300000000000000000000004 /* Apps/CutoutApp/BmsNoDataCards.swift in Sources */,
				300000000000000000000005 /* Apps/CutoutApp/BmsNoDataComponents.swift in Sources */,
				300000000000000000000006 /* Apps/CutoutApp/BmsNoDataLayout.swift in Sources */,
				300000000000000000000007 /* Apps/CutoutApp/BmsOverviewLayout.swift in Sources */,
				300000000000000000000008 /* Apps/CutoutApp/BmsTopologyCells.swift in Sources */,
				300000000000000000000009 /* Apps/CutoutApp/BmsUnknownLayout.swift in Sources */,
				30000000000000000000000B /* Apps/CutoutApp/CaptureViews.swift in Sources */,
				30000000000000000000000C /* Apps/CutoutApp/DeviceGlyphs.swift in Sources */,
				30000000000000000000000D /* Apps/CutoutApp/DevicePickerControls.swift in Sources */,
				30000000000000000000000E /* Apps/CutoutApp/DevicePickerViews.swift in Sources */,
				300000000000000000000011 /* Apps/CutoutApp/EucRideViews.swift in Sources */,
				300000000000000000000012 /* Apps/CutoutApp/PevScreenTitleBlock.swift in Sources */,
				300000000000000000000013 /* Apps/CutoutApp/PevDashboardScaffoldViews.swift in Sources */,
				300000000000000000000015 /* Apps/CutoutApp/PevScreenTheme.swift in Sources */,
				300000000000000000000016 /* Apps/CutoutApp/VescDebugViews.swift in Sources */,
				300000000000000000000017 /* Apps/CutoutApp/VescRideViews.swift in Sources */,
				300000000000000000000018 /* Apps/CutoutApp/PevRideHeroSection.swift in Sources */,
				300000000000000000000019 /* Apps/CutoutApp/PevRideDashboardShell.swift in Sources */,
			);
			runOnlyForDeploymentPostprocessing = 0;
		};
		222222222222222222222132 /* Sources */ = {
			isa = PBXSourcesBuildPhase;
			buildActionMask = 2147483647;
			files = (
				222222222222222222222111 /* Apps/CutoutLiveActivityExtension/CutoutLiveActivityExtension.swift in Sources */,
				222222222222222222222115 /* Apps/CutoutLiveActivityExtension/RideActivityComponents.swift in Sources */,
			);
			runOnlyForDeploymentPostprocessing = 0;
		};
		444444444444444444444432 /* Sources */ = {
			isa = PBXSourcesBuildPhase;
			buildActionMask = 2147483647;
			files = (
				444444444444444444444401 /* UITests/CutoutAppUITests.swift in Sources */,
			);
			runOnlyForDeploymentPostprocessing = 0;
		};
/* End PBXSourcesBuildPhase section */

/* Begin PBXContainerItemProxy section */
		444444444444444444444501 /* PBXContainerItemProxy */ = {
			isa = PBXContainerItemProxy;
			containerPortal = 111111111111111111111191 /* Project object */;
			proxyType = 1;
			remoteGlobalIDString = 111111111111111111111161;
			remoteInfo = CutoutApp;
		};
/* End PBXContainerItemProxy section */

/* Begin PBXTargetDependency section */
		222222222222222222222191 /* PBXTargetDependency */ = {
			isa = PBXTargetDependency;
			target = 222222222222222222222161 /* CutoutLiveActivityExtension */;
			targetProxy = 222222222222222222222192 /* PBXContainerItemProxy */;
		};
		444444444444444444444502 /* PBXTargetDependency */ = {
			isa = PBXTargetDependency;
			target = 111111111111111111111161 /* CutoutApp */;
			targetProxy = 444444444444444444444501 /* PBXContainerItemProxy */;
		};
/* End PBXTargetDependency section */

/* Begin XCBuildConfiguration section */
		111111111111111111111201 /* Debug */ = {
			isa = XCBuildConfiguration;
			buildSettings = {
				ALWAYS_SEARCH_USER_PATHS = NO;
				ASSETCATALOG_COMPILER_APPICON_NAME = AppIcon;
				ASSETCATALOG_COMPILER_GENERATE_SWIFT_ASSET_SYMBOLS = YES;
				CODE_SIGN_STYLE = Automatic;
				CURRENT_PROJECT_VERSION = 1;
				DEVELOPMENT_TEAM = 2RH32Y5HM5;
				GENERATE_INFOPLIST_FILE = NO;
				INFOPLIST_FILE = Apps/CutoutApp/Info.plist;
				IPHONEOS_DEPLOYMENT_TARGET = 27.0;
				MARKETING_VERSION = 1.0;
				PRODUCT_BUNDLE_IDENTIFIER = io.cutout.cutoutapp;
				PRODUCT_NAME = "$(TARGET_NAME)";
				SDKROOT = iphoneos;
				SWIFT_EMIT_LOC_STRINGS = YES;
				SWIFT_VERSION = 6.0;
				TARGETED_DEVICE_FAMILY = "1";
			};
			name = Debug;
		};
		111111111111111111111202 /* Release */ = {
			isa = XCBuildConfiguration;
			buildSettings = {
				ALWAYS_SEARCH_USER_PATHS = NO;
				ASSETCATALOG_COMPILER_APPICON_NAME = AppIcon;
				ASSETCATALOG_COMPILER_GENERATE_SWIFT_ASSET_SYMBOLS = YES;
				CODE_SIGN_STYLE = Automatic;
				CURRENT_PROJECT_VERSION = 1;
				DEVELOPMENT_TEAM = 2RH32Y5HM5;
				GENERATE_INFOPLIST_FILE = NO;
				INFOPLIST_FILE = Apps/CutoutApp/Info.plist;
				IPHONEOS_DEPLOYMENT_TARGET = 27.0;
				MARKETING_VERSION = 1.0;
				PRODUCT_BUNDLE_IDENTIFIER = io.cutout.cutoutapp;
				PRODUCT_NAME = "$(TARGET_NAME)";
				SDKROOT = iphoneos;
				SWIFT_EMIT_LOC_STRINGS = YES;
				SWIFT_VERSION = 6.0;
				TARGETED_DEVICE_FAMILY = "1";
			};
			name = Release;
		};
		111111111111111111111211 /* Debug */ = {
			isa = XCBuildConfiguration;
			buildSettings = {
				CODE_SIGN_STYLE = Automatic;
				CURRENT_PROJECT_VERSION = 1;
				GENERATE_INFOPLIST_FILE = YES;
				MARKETING_VERSION = 1.0;
				SDKROOT = iphoneos;
				SWIFT_ACTIVE_COMPILATION_CONDITIONS = DEBUG;
				SWIFT_VERSION = 6.0;
			};
			name = Debug;
		};
		111111111111111111111212 /* Release */ = {
			isa = XCBuildConfiguration;
			buildSettings = {
				CODE_SIGN_STYLE = Automatic;
				CURRENT_PROJECT_VERSION = 1;
				GENERATE_INFOPLIST_FILE = YES;
				MARKETING_VERSION = 1.0;
				SDKROOT = iphoneos;
				SWIFT_VERSION = 6.0;
			};
			name = Release;
		};
		222222222222222222222201 /* Debug */ = {
			isa = XCBuildConfiguration;
			buildSettings = {
				ALWAYS_SEARCH_USER_PATHS = NO;
				APPLICATION_EXTENSION_API_ONLY = YES;
				CODE_SIGN_STYLE = Automatic;
				CURRENT_PROJECT_VERSION = 1;
				DEVELOPMENT_TEAM = 2RH32Y5HM5;
				GENERATE_INFOPLIST_FILE = NO;
				INFOPLIST_FILE = Apps/CutoutLiveActivityExtension/Info.plist;
				IPHONEOS_DEPLOYMENT_TARGET = 27.0;
				LD_RUNPATH_SEARCH_PATHS = (
					"$(inherited)",
					"@executable_path/Frameworks",
					"@executable_path/../../Frameworks",
				);
				MARKETING_VERSION = 1.0;
				PRODUCT_BUNDLE_IDENTIFIER = io.cutout.cutoutapp.liveactivity;
				PRODUCT_NAME = "$(TARGET_NAME)";
				SDKROOT = iphoneos;
				SKIP_INSTALL = YES;
				SWIFT_EMIT_LOC_STRINGS = YES;
				SWIFT_VERSION = 6.0;
				TARGETED_DEVICE_FAMILY = "1";
			};
			name = Debug;
		};
		222222222222222222222202 /* Release */ = {
			isa = XCBuildConfiguration;
			buildSettings = {
				ALWAYS_SEARCH_USER_PATHS = NO;
				APPLICATION_EXTENSION_API_ONLY = YES;
				CODE_SIGN_STYLE = Automatic;
				CURRENT_PROJECT_VERSION = 1;
				DEVELOPMENT_TEAM = 2RH32Y5HM5;
				GENERATE_INFOPLIST_FILE = NO;
				INFOPLIST_FILE = Apps/CutoutLiveActivityExtension/Info.plist;
				IPHONEOS_DEPLOYMENT_TARGET = 27.0;
				LD_RUNPATH_SEARCH_PATHS = (
					"$(inherited)",
					"@executable_path/Frameworks",
					"@executable_path/../../Frameworks",
				);
				MARKETING_VERSION = 1.0;
				PRODUCT_BUNDLE_IDENTIFIER = io.cutout.cutoutapp.liveactivity;
				PRODUCT_NAME = "$(TARGET_NAME)";
				SDKROOT = iphoneos;
				SKIP_INSTALL = YES;
				SWIFT_EMIT_LOC_STRINGS = YES;
				SWIFT_VERSION = 6.0;
				TARGETED_DEVICE_FAMILY = "1";
			};
			name = Release;
		};
		444444444444444444444421 /* Debug */ = {
			isa = XCBuildConfiguration;
			buildSettings = {
				ALWAYS_SEARCH_USER_PATHS = NO;
				CODE_SIGN_STYLE = Automatic;
				CURRENT_PROJECT_VERSION = 1;
				DEVELOPMENT_TEAM = 2RH32Y5HM5;
				GENERATE_INFOPLIST_FILE = YES;
				IPHONEOS_DEPLOYMENT_TARGET = 27.0;
				PRODUCT_BUNDLE_IDENTIFIER = io.cutout.cutoutapp.uitests;
				PRODUCT_NAME = "$(TARGET_NAME)";
				SDKROOT = iphoneos;
				SWIFT_VERSION = 6.0;
				TARGETED_DEVICE_FAMILY = "1";
				TARGET_APPLICATION = CutoutApp;
				TEST_TARGET_NAME = CutoutApp;
				USES_XCTRUNNER = YES;
			};
			name = Debug;
		};
		444444444444444444444422 /* Release */ = {
			isa = XCBuildConfiguration;
			buildSettings = {
				ALWAYS_SEARCH_USER_PATHS = NO;
				CODE_SIGN_STYLE = Automatic;
				CURRENT_PROJECT_VERSION = 1;
				DEVELOPMENT_TEAM = 2RH32Y5HM5;
				GENERATE_INFOPLIST_FILE = YES;
				IPHONEOS_DEPLOYMENT_TARGET = 27.0;
				PRODUCT_BUNDLE_IDENTIFIER = io.cutout.cutoutapp.uitests;
				PRODUCT_NAME = "$(TARGET_NAME)";
				SDKROOT = iphoneos;
				SWIFT_VERSION = 6.0;
				TARGETED_DEVICE_FAMILY = "1";
				TARGET_APPLICATION = CutoutApp;
				TEST_TARGET_NAME = CutoutApp;
				USES_XCTRUNNER = YES;
			};
			name = Release;
		};
/* End XCBuildConfiguration section */

/* Begin XCConfigurationList section */
		111111111111111111111171 /* Build configuration list for PBXNativeTarget "CutoutApp" */ = {
			isa = XCConfigurationList;
			buildConfigurations = (
				111111111111111111111201 /* Debug */,
				111111111111111111111202 /* Release */,
			);
			defaultConfigurationIsVisible = 0;
			defaultConfigurationName = Debug;
		};
		111111111111111111111172 /* Build configuration list for PBXProject "CutoutApp" */ = {
			isa = XCConfigurationList;
			buildConfigurations = (
				111111111111111111111211 /* Debug */,
				111111111111111111111212 /* Release */,
			);
			defaultConfigurationIsVisible = 0;
			defaultConfigurationName = Debug;
		};
		222222222222222222222171 /* Build configuration list for PBXNativeTarget "CutoutLiveActivityExtension" */ = {
			isa = XCConfigurationList;
			buildConfigurations = (
				222222222222222222222201 /* Debug */,
				222222222222222222222202 /* Release */,
			);
			defaultConfigurationIsVisible = 0;
			defaultConfigurationName = Debug;
		};
		444444444444444444444471 /* Build configuration list for PBXNativeTarget "CutoutAppUITests" */ = {
			isa = XCConfigurationList;
			buildConfigurations = (
				444444444444444444444421 /* Debug */,
				444444444444444444444422 /* Release */,
			);
			defaultConfigurationIsVisible = 0;
			defaultConfigurationName = Debug;
		};
/* End XCConfigurationList section */

/* Begin XCLocalSwiftPackageReference section */
		111111111111111111111180 /* XCLocalSwiftPackageReference "." */ = {
			isa = XCLocalSwiftPackageReference;
			relativePath = ".";
		};
/* End XCLocalSwiftPackageReference section */

/* Begin XCSwiftPackageProductDependency section */
		111111111111111111111181 /* CutoutMobile */ = {
			isa = XCSwiftPackageProductDependency;
			package = 111111111111111111111180 /* XCLocalSwiftPackageReference "." */;
			productName = CutoutMobile;
		};
		222222222222222222222181 /* CutoutMobile */ = {
			isa = XCSwiftPackageProductDependency;
			package = 111111111111111111111180 /* XCLocalSwiftPackageReference "." */;
			productName = CutoutMobile;
		};
/* End XCSwiftPackageProductDependency section */
	};
	rootObject = 111111111111111111111191 /* Project object */;
}
